
Microsoft Visual Studio Solution File, Format Version 12.00
# Visual Studio Version 17
VisualStudioVersion = 17.10.35013.160
MinimumVisualStudioVersion = 10.0.40219.1
Project("{9A19103F-16F7-4668-BE54-9A1E7A4F7556}") = "hf.Api", "hf.api\hf.Api.csproj", "{DBBDB540-7B84-4D4B-993C-A0A359B95FFC}"
EndProject
Project("{9A19103F-16F7-4668-BE54-9A1E7A4F7556}") = "hf.Application", "hf.Application\hf.Application.csproj", "{FA641EC7-D757-40B9-967E-02287A036854}"
EndProject
Project("{9A19103F-16F7-4668-BE54-9A1E7A4F7556}") = "hf.Domain", "hf.Domain\hf.Domain.csproj", "{2712425B-8883-4DF4-8ACD-CD4158525FB4}"
EndProject
Project("{9A19103F-16F7-4668-BE54-9A1E7A4F7556}") = "hf.Infrastructure", "hf.Infrastructure\hf.Infrastructure.csproj", "{04648BCE-773D-4AE0-8425-27515A79CB03}"
EndProject
Project("{2150E333-8FDC-42A3-9474-1A3956D46DE8}") = "src", "src", "{1642B44F-B3A0-447F-841A-1EAD1792282C}"
EndProject
Project("{2150E333-8FDC-42A3-9474-1A3956D46DE8}") = "docs", "docs", "{317CC6F9-4F52-4C15-BCB9-87E4205AAA9E}"
	ProjectSection(SolutionItems) = preProject
		..\docs\scripts.sql = ..\docs\scripts.sql
		..\docs\Technical Spec.docx = ..\docs\Technical Spec.docx
	EndProjectSection
EndProject
Global
	GlobalSection(SolutionConfigurationPlatforms) = preSolution
		Debug|Any CPU = Debug|Any CPU
		Release|Any CPU = Release|Any CPU
	EndGlobalSection
	GlobalSection(ProjectConfigurationPlatforms) = postSolution
		{DBBDB540-7B84-4D4B-993C-A0A359B95FFC}.Debug|Any CPU.ActiveCfg = Debug|Any CPU
		{DBBDB540-7B84-4D4B-993C-A0A359B95FFC}.Debug|Any CPU.Build.0 = Debug|Any CPU
		{DBBDB540-7B84-4D4B-993C-A0A359B95FFC}.Release|Any CPU.ActiveCfg = Release|Any CPU
		{DBBDB540-7B84-4D4B-993C-A0A359B95FFC}.Release|Any CPU.Build.0 = Release|Any CPU
		{FA641EC7-D757-40B9-967E-02287A036854}.Debug|Any CPU.ActiveCfg = Debug|Any CPU
		{FA641EC7-D757-40B9-967E-02287A036854}.Debug|Any CPU.Build.0 = Debug|Any CPU
		{FA641EC7-D757-40B9-967E-02287A036854}.Release|Any CPU.ActiveCfg = Release|Any CPU
		{FA641EC7-D757-40B9-967E-02287A036854}.Release|Any CPU.Build.0 = Release|Any CPU
		{2712425B-8883-4DF4-8ACD-CD4158525FB4}.Debug|Any CPU.ActiveCfg = Debug|Any CPU
		{2712425B-8883-4DF4-8ACD-CD4158525FB4}.Debug|Any CPU.Build.0 = Debug|Any CPU
		{2712425B-8883-4DF4-8ACD-CD4158525FB4}.Release|Any CPU.ActiveCfg = Release|Any CPU
		{2712425B-8883-4DF4-8ACD-CD4158525FB4}.Release|Any CPU.Build.0 = Release|Any CPU
		{04648BCE-773D-4AE0-8425-27515A79CB03}.Debug|Any CPU.ActiveCfg = Debug|Any CPU
		{04648BCE-773D-4AE0-8425-27515A79CB03}.Debug|Any CPU.Build.0 = Debug|Any CPU
		{04648BCE-773D-4AE0-8425-27515A79CB03}.Release|Any CPU.ActiveCfg = Release|Any CPU
		{04648BCE-773D-4AE0-8425-27515A79CB03}.Release|Any CPU.Build.0 = Release|Any CPU
	EndGlobalSection
	GlobalSection(SolutionProperties) = preSolution
		HideSolutionNode = FALSE
	EndGlobalSection
	GlobalSection(NestedProjects) = preSolution
		{DBBDB540-7B84-4D4B-993C-A0A359B95FFC} = {1642B44F-B3A0-447F-841A-1EAD1792282C}
		{FA641EC7-D757-40B9-967E-02287A036854} = {1642B44F-B3A0-447F-841A-1EAD1792282C}
		{2712425B-8883-4DF4-8ACD-CD4158525FB4} = {1642B44F-B3A0-447F-841A-1EAD1792282C}
		{04648BCE-773D-4AE0-8425-27515A79CB03} = {1642B44F-B3A0-447F-841A-1EAD1792282C}
	EndGlobalSection
	GlobalSection(ExtensibilityGlobals) = postSolution
		SolutionGuid = {73A34AB8-9144-47BD-B287-CFD3C36254E1}
	EndGlobalSection
EndGlobal
